// !$*UTF8*$!
{
	archiveVersion = 1;
	classes = {
	};
	objectVersion = 50;
	objects = {

/* Begin PBXBuildFile section */
		DACBBB4E24DC224900D541C4 /* AppDelegate.swift in Sources */ = {isa = PBXBuildFile; fileRef = DACBBB4D24DC224900D541C4 /* AppDelegate.swift */; };
		DACBBB5024DC224900D541C4 /* SceneDelegate.swift in Sources */ = {isa = PBXBuildFile; fileRef = DACBBB4F24DC224900D541C4 /* SceneDelegate.swift */; };
		DACBBB5324DC224900D541C4 /* MindFlo.xcdatamodeld in Sources */ = {isa = PBXBuildFile; fileRef = DACBBB5124DC224900D541C4 /* MindFlo.xcdatamodeld */; };
		DACBBB5524DC224900D541C4 /* ContentView.swift in Sources */ = {isa = PBXBuildFile; fileRef = DACBBB5424DC224900D541C4 /* ContentView.swift */; };
		DACBBB5724DC224E00D541C4 /* Assets.xcassets in Resources */ = {isa = PBXBuildFile; fileRef = DACBBB5624DC224E00D541C4 /* Assets.xcassets */; };
		DACBBB5A24DC224E00D541C4 /* Preview Assets.xcassets in Resources */ = {isa = PBXBuildFile; fileRef = DACBBB5924DC224E00D541C4 /* Preview Assets.xcassets */; };
		DACBBB5D24DC224E00D541C4 /* LaunchScreen.storyboard in Resources */ = {isa = PBXBuildFile; fileRef = DACBBB5B24DC224E00D541C4 /* LaunchScreen.storyboard */; };
/* End PBXBuildFile section */

/* Begin PBXFileReference section */
		DACBBB4A24DC224900D541C4 /* MindFlo.app */ = {isa = PBXFileReference; explicitFileType = wrapper.application; includeInIndex = 0; path = MindFlo.app; sourceTree = BUILT_PRODUCTS_DIR; };
		DACBBB4D24DC224900D541C4 /* AppDelegate.swift */ = {isa = PBXFileReference; lastKnownFileType = sourcecode.swift; path = AppDelegate.swift; sourceTree = "<group>"; };
		DACBBB4F24DC224900D541C4 /* SceneDelegate.swift */ = {isa = PBXFileReference; lastKnownFileType = sourcecode.swift; path = SceneDelegate.swift; sourceTree = "<group>"; };
		DACBBB5224DC224900D541C4 /* MindFlo.xcdatamodel */ = {isa = PBXFileReference; lastKnownFileType = wrapper.xcdatamodel; path = MindFlo.xcdatamodel; sourceTree = "<group>"; };
		DACBBB5424DC224900D541C4 /* ContentView.swift */ = {isa = PBXFileReference; lastKnownFileType = sourcecode.swift; path = ContentView.swift; sourceTree = "<group>"; };
		DACBBB5624DC224E00D541C4 /* Assets.xcassets */ = {isa = PBXFileReference; lastKnownFileType = folder.assetcatalog; path = Assets.xcassets; sourceTree = "<group>"; };
		DACBBB5924DC224E00D541C4 /* Preview Assets.xcassets */ = {isa = PBXFileReference; lastKnownFileType = folder.assetcatalog; path = "Preview Assets.xcassets"; sourceTree = "<group>"; };
		DACBBB5C24DC224E00D541C4 /* Base */ = {isa = PBXFileReference; lastKnownFileType = file.storyboard; name = Base; path = Base.lproj/LaunchScreen.storyboard; sourceTree = "<group>"; };
		DACBBB5E24DC224E00D541C4 /* Info.plist */ = {isa = PBXFileReference; lastKnownFileType = text.plist.xml; path = Info.plist; sourceTree = "<group>"; };
/* End PBXFileReference section */

/* Begin PBXFrameworksBuildPhase section */
		DACBBB4724DC224900D541C4 /* Frameworks */ = {
			isa = PBXFrameworksBuildPhase;
			buildActionMask = 2147483647;
			files = (
			);
			runOnlyForDeploymentPostprocessing = 0;
		};
/* End PBXFrameworksBuildPhase section */

/* Begin PBXGroup section */
		DACBBB4124DC224900D541C4 = {
			isa = PBXGroup;
			children = (
				DACBBB4C24DC224900D541C4 /* MindFlo */,
				DACBBB4B24DC224900D541C4 /* Products */,
			);
			sourceTree = "<group>";
		};
		DACBBB4B24DC224900D541C4 /* Products */ = {
			isa = PBXGroup;
			children = (
				DACBBB4A24DC224900D541C4 /* MindFlo.app */,
			);
			name = Products;
			sourceTree = "<group>";
		};
		DACBBB4C24DC224900D541C4 /* MindFlo */ = {
			isa = PBXGroup;
			children = (
				DACBBB4D24DC224900D541C4 /* AppDelegate.swift */,
				DACBBB4F24DC224900D541C4 /* SceneDelegate.swift */,
				DACBBB5424DC224900D541C4 /* ContentView.swift */,
				DACBBB5624DC224E00D541C4 /* Assets.xcassets */,
				DACBBB5B24DC224E00D541C4 /* LaunchScreen.storyboard */,
				DACBBB5E24DC224E00D541C4 /* Info.plist */,
				DACBBB5124DC224900D541C4 /* MindFlo.xcdatamodeld */,
				DACBBB5824DC224E00D541C4 /* Preview Content */,
			);
			path = MindFlo;
			sourceTree = "<group>";
		};
		DACBBB5824DC224E00D541C4 /* Preview Content */ = {
			isa = PBXGroup;
			children = (
				DACBBB5924DC224E00D541C4 /* Preview Assets.xcassets */,
			);
			path = "Preview Content";
			sourceTree = "<group>";
		};
/* End PBXGroup section */

/* Begin PBXNativeTarget section */
		DACBBB4924DC224900D541C4 /* MindFlo */ = {
			isa = PBXNativeTarget;
			buildConfigurationList = DACBBB6124DC224E00D541C4 /* Build configuration list for PBXNativeTarget "MindFlo" */;
			buildPhases = (
				DACBBB4624DC224900D541C4 /* Sources */,
				DACBBB4724DC224900D541C4 /* Frameworks */,
				DACBBB4824DC224900D541C4 /* Resources */,
			);
			buildRules = (
			);
			dependencies = (
			);
			name = MindFlo;
			productName = MindFlo;
			productReference = DACBBB4A24DC224900D541C4 /* MindFlo.app */;
			productType = "com.apple.product-type.application";
		};
/* End PBXNativeTarget section */

/* Begin PBXProject section */
		DACBBB4224DC224900D541C4 /* Project object */ = {
			isa = PBXProject;
			attributes = {
				LastSwiftUpdateCheck = 1160;
				LastUpgradeCheck = 1160;
				ORGANIZATIONNAME = "Adit Gupta";
				TargetAttributes = {
					DACBBB4924DC224900D541C4 = {
						CreatedOnToolsVersion = 11.6;
					};
				};
			};
			buildConfigurationList = DACBBB4524DC224900D541C4 /* Build configuration list for PBXProject "MindFlo" */;
			compatibilityVersion = "Xcode 9.3";
			developmentRegion = en;
			hasScannedForEncodings = 0;
			knownRegions = (
				en,
				Base,
			);
			mainGroup = DACBBB4124DC224900D541C4;
			productRefGroup = DACBBB4B24DC224900D541C4 /* Products */;
			projectDirPath = "";
			projectRoot = "";
			targets = (
				DACBBB4924DC224900D541C4 /* MindFlo */,
			);
		};
/* End PBXProject section */

/* Begin PBXResourcesBuildPhase section */
		DACBBB4824DC224900D541C4 /* Resources */ = {
			isa = PBXResourcesBuildPhase;
			buildActionMask = 2147483647;
			files = (
				DACBBB5D24DC224E00D541C4 /* LaunchScreen.storyboard in Resources */,
				DACBBB5A24DC224E00D541C4 /* Preview Assets.xcassets in Resources */,
				DACBBB5724DC224E00D541C4 /* Assets.xcassets in Resources */,
			);
			runOnlyForDeploymentPostprocessing = 0;
		};
/* End PBXResourcesBuildPhase section */

/* Begin PBXSourcesBuildPhase section */
		DACBBB4624DC224900D541C4 /* Sources */ = {
			isa = PBXSourcesBuildPhase;
			buildActionMask = 2147483647;
			files = (
				DACBBB4E24DC224900D541C4 /* AppDelegate.swift in Sources */,
				DACBBB5024DC224900D541C4 /* SceneDelegate.swift in Sources */,
				DACBBB5524DC224900D541C4 /* ContentView.swift in Sources */,
				DACBBB5324DC224900D541C4 /* MindFlo.xcdatamodeld in Sources */,
			);
			runOnlyForDeploymentPostprocessing = 0;
		};
/* End PBXSourcesBuildPhase section */

/* Begin PBXVariantGroup section */
		DACBBB5B24DC224E00D541C4 /* LaunchScreen.storyboard */ = {
			isa = PBXVariantGroup;
			children = (
				DACBBB5C24DC224E00D541C4 /* Base */,
			);
			name = LaunchScreen.storyboard;
			sourceTree = "<group>";
		};
/* End PBXVariantGroup section */

/* Begin XCBuildConfiguration section */
		DACBBB5F24DC224E00D541C4 /* Debug */ = {
			isa = XCBuildConfiguration;
			buildSettings = {
				ALWAYS_SEARCH_USER_PATHS = NO;
				CLANG_ANALYZER_NONNULL = YES;
				CLANG_ANALYZER_NUMBER_OBJECT_CONVERSION = YES_AGGRESSIVE;
				CLANG_CXX_LANGUAGE_STANDARD = "gnu++14";
				CLANG_CXX_LIBRARY = "libc++";
				CLANG_ENABLE_MODULES = YES;
				CLANG_ENABLE_OBJC_ARC = YES;
				CLANG_ENABLE_OBJC_WEAK = YES;
				CLANG_WARN_BLOCK_CAPTURE_AUTORELEASING = YES;
				CLANG_WARN_BOOL_CONVERSION = YES;
				CLANG_WARN_COMMA = YES;
				CLANG_WARN_CONSTANT_CONVERSION = YES;
				CLANG_WARN_DEPRECATED_OBJC_IMPLEMENTATIONS = YES;
				CLANG_WARN_DIRECT_OBJC_ISA_USAGE = YES_ERROR;
				CLANG_WARN_DOCUMENTATION_COMMENTS = YES;
				CLANG_WARN_EMPTY_BODY = YES;
				CLANG_WARN_ENUM_CONVERSION = YES;
				CLANG_WARN_INFINITE_RECURSION = YES;
				CLANG_WARN_INT_CONVERSION = YES;
				CLANG_WARN_NON_LITERAL_NULL_CONVERSION = YES;
				CLANG_WARN_OBJC_IMPLICIT_RETAIN_SELF = YES;
				CLANG_WARN_OBJC_LITERAL_CONVERSION = YES;
				CLANG_WARN_OBJC_ROOT_CLASS = YES_ERROR;
				CLANG_WARN_RANGE_LOOP_ANALYSIS = YES;
				CLANG_WARN_STRICT_PROTOTYPES = YES;
				CLANG_WARN_SUSPICIOUS_MOVE = YES;
				CLANG_WARN_UNGUARDED_AVAILABILITY = YES_AGGRESSIVE;
				CLANG_WARN_UNREACHABLE_CODE = YES;
				CLANG_WARN__DUPLICATE_METHOD_MATCH = YES;
				COPY_PHASE_STRIP = NO;
				DEBUG_INFORMATION_FORMAT = dwarf;
				ENABLE_STRICT_OBJC_MSGSEND = YES;
				ENABLE_TESTABILITY = YES;
				GCC_C_LANGUAGE_STANDARD = gnu11;
				GCC_DYNAMIC_NO_PIC = NO;
				GCC_NO_COMMON_BLOCKS = YES;
				GCC_OPTIMIZATION_LEVEL = 0;
				GCC_PREPROCESSOR_DEFINITIONS = (
					"DEBUG=1",
					"$(inherited)",
				);
				GCC_WARN_64_TO_32_BIT_CONVERSION = YES;
				GCC_WARN_ABOUT_RETURN_TYPE = YES_ERROR;
				GCC_WARN_UNDECLARED_SELECTOR = YES;
				GCC_WARN_UNINITIALIZED_AUTOS = YES_AGGRESSIVE;
				GCC_WARN_UNUSED_FUNCTION = YES;
				GCC_WARN_UNUSED_VARIABLE = YES;
				IPHONEOS_DEPLOYMENT_TARGET = 13.6;
				MTL_ENABLE_DEBUG_INFO = INCLUDE_SOURCE;
				MTL_FAST_MATH = YES;
				ONLY_ACTIVE_ARCH = YES;
				SDKROOT = iphoneos;
				SWIFT_ACTIVE_COMPILATION_CONDITIONS = DEBUG;
				SWIFT_OPTIMIZATION_LEVEL = "-Onone";
			};
			name = Debug;
		};
		DACBBB6024DC224E00D541C4 /* Release */ = {
			isa = XCBuildConfiguration;
			buildSettings = {
				ALWAYS_SEARCH_USER_PATHS = NO;
				CLANG_ANALYZER_NONNULL = YES;
				CLANG_ANALYZER_NUMBER_OBJECT_CONVERSION = YES_AGGRESSIVE;
				CLANG_CXX_LANGUAGE_STANDARD = "gnu++14";
				CLANG_CXX_LIBRARY = "libc++";
				CLANG_ENABLE_MODULES = YES;
				CLANG_ENABLE_OBJC_ARC = YES;
				CLANG_ENABLE_OBJC_WEAK = YES;
				CLANG_WARN_BLOCK_CAPTURE_AUTORELEASING = YES;
				CLANG_WARN_BOOL_CONVERSION = YES;
				CLANG_WARN_COMMA = YES;
				CLANG_WARN_CONSTANT_CONVERSION = YES;
				CLANG_WARN_DEPRECATED_OBJC_IMPLEMENTATIONS = YES;
				CLANG_WARN_DIRECT_OBJC_ISA_USAGE = YES_ERROR;
				CLANG_WARN_DOCUMENTATION_COMMENTS = YES;
				CLANG_WARN_EMPTY_BODY = YES;
				CLANG_WARN_ENUM_CONVERSION = YES;
				CLANG_WARN_INFINITE_RECURSION = YES;
				CLANG_WARN_INT_CONVERSION = YES;
				CLANG_WARN_NON_LITERAL_NULL_CONVERSION = YES;
				CLANG_WARN_OBJC_IMPLICIT_RETAIN_SELF = YES;
				CLANG_WARN_OBJC_LITERAL_CONVERSION = YES;
				CLANG_WARN_OBJC_ROOT_CLASS = YES_ERROR;
				CLANG_WARN_RANGE_LOOP_ANALYSIS = YES;
				CLANG_WARN_STRICT_PROTOTYPES = YES;
				CLANG_WARN_SUSPICIOUS_MOVE = YES;
				CLANG_WARN_UNGUARDED_AVAILABILITY = YES_AGGRESSIVE;
				CLANG_WARN_UNREACHABLE_CODE = YES;
				CLANG_WARN__DUPLICATE_METHOD_MATCH = YES;
				COPY_PHASE_STRIP = NO;
				DEBUG_INFORMATION_FORMAT = "dwarf-with-dsym";
				ENABLE_NS_ASSERTIONS = NO;
				ENABLE_STRICT_OBJC_MSGSEND = YES;
				GCC_C_LANGUAGE_STANDARD = gnu11;
				GCC_NO_COMMON_BLOCKS = YES;
				GCC_WARN_64_TO_32_BIT_CONVERSION = YES;
				GCC_WARN_ABOUT_RETURN_TYPE = YES_ERROR;
				GCC_WARN_UNDECLARED_SELECTOR = YES;
				GCC_WARN_UNINITIALIZED_AUTOS = YES_AGGRESSIVE;
				GCC_WARN_UNUSED_FUNCTION = YES;
				GCC_WARN_UNUSED_VARIABLE = YES;
				IPHONEOS_DEPLOYMENT_TARGET = 13.6;
				MTL_ENABLE_DEBUG_INFO = NO;
				MTL_FAST_MATH = YES;
				SDKROOT = iphoneos;
				SWIFT_COMPILATION_MODE = wholemodule;
				SWIFT_OPTIMIZATION_LEVEL = "-O";
				VALIDATE_PRODUCT = YES;
			};
			name = Release;
		};
		DACBBB6224DC224E00D541C4 /* Debug */ = {
			isa = XCBuildConfiguration;
			buildSettings = {
				ASSETCATALOG_COMPILER_APPICON_NAME = AppIcon;
				CODE_SIGN_STYLE = Automatic;
				DEVELOPMENT_ASSET_PATHS = "\"MindFlo/Preview Content\"";
				DEVELOPMENT_TEAM = LK47C325Q7;
				ENABLE_PREVIEWS = YES;
				INFOPLIST_FILE = MindFlo/Info.plist;
				LD_RUNPATH_SEARCH_PATHS = (
					"$(inherited)",
					"@executable_path/Frameworks",
				);
				PRODUCT_BUNDLE_IDENTIFIER = com.aditgupta.MindFlo;
				PRODUCT_NAME = "$(TARGET_NAME)";
				SWIFT_VERSION = 5.0;
				TARGETED_DEVICE_FAMILY = "1,2";
			};
			name = Debug;
		};
		DACBBB6324DC224E00D541C4 /* Release */ = {
			isa = XCBuildConfiguration;
			buildSettings = {
				ASSETCATALOG_COMPILER_APPICON_NAME = AppIcon;
				CODE_SIGN_STYLE = Automatic;
				DEVELOPMENT_ASSET_PATHS = "\"MindFlo/Preview Content\"";
				DEVELOPMENT_TEAM = LK47C325Q7;
				ENABLE_PREVIEWS = YES;
				INFOPLIST_FILE = MindFlo/Info.plist;
				LD_RUNPATH_SEARCH_PATHS = (
					"$(inherited)",
					"@executable_path/Frameworks",
				);
				PRODUCT_BUNDLE_IDENTIFIER = com.aditgupta.MindFlo;
				PRODUCT_NAME = "$(TARGET_NAME)";
				SWIFT_VERSION = 5.0;
				TARGETED_DEVICE_FAMILY = "1,2";
			};
			name = Release;
		};
/* End XCBuildConfiguration section */

/* Begin XCConfigurationList section */
		DACBBB4524DC224900D541C4 /* Build configuration list for PBXProject "MindFlo" */ = {
			isa = XCConfigurationList;
			buildConfigurations = (
				DACBBB5F24DC224E00D541C4 /* Debug */,
				DACBBB6024DC224E00D541C4 /* Release */,
			);
			defaultConfigurationIsVisible = 0;
			defaultConfigurationName = Release;
		};
		DACBBB6124DC224E00D541C4 /* Build configuration list for PBXNativeTarget "MindFlo" */ = {
			isa = XCConfigurationList;
			buildConfigurations = (
				DACBBB6224DC224E00D541C4 /* Debug */,
				DACBBB6324DC224E00D541C4 /* Release */,
			);
			defaultConfigurationIsVisible = 0;
			defaultConfigurationName = Release;
		};
/* End XCConfigurationList section */

/* Begin XCVersionGroup section */
		DACBBB5124DC224900D541C4 /* MindFlo.xcdatamodeld */ = {
			isa = XCVersionGroup;
			children = (
				DACBBB5224DC224900D541C4 /* MindFlo.xcdatamodel */,
			);
			currentVersion = DACBBB5224DC224900D541C4 /* MindFlo.xcdatamodel */;
			path = MindFlo.xcdatamodeld;
			sourceTree = "<group>";
			versionGroupType = wrapper.xcdatamodel;
		};
/* End XCVersionGroup section */
	};
	rootObject = DACBBB4224DC224900D541C4 /* Project object */;
}
